
Microsoft Visual Studio Solution File, Format Version 12.00
# Visual Studio 14
VisualStudioVersion = 14.0.23107.0
MinimumVisualStudioVersion = 10.0.40219.1
Project("{2150E333-8FDC-42A3-9474-1A3956D46DE8}") = "src", "src", "{9306A198-9402-4389-BF47-AA27C915A734}"
EndProject
Project("{2150E333-8FDC-42A3-9474-1A3956D46DE8}") = "Solution Items", "Solution Items", "{FA6840F1-0CA2-409F-9D40-68AB121F4155}"
	ProjectSection(SolutionItems) = preProject
		global.json = global.json
		NuGet.Config = NuGet.Config
	EndProjectSection
EndProject
Project("{8BB2217D-0F2D-49D1-97BC-3654ED321F3B}") = "WebApplication5", "src\WebApplication5\WebApplication5.xproj", "{6D067D6E-00FD-4A3A-8C40-055D0C56464C}"
EndProject
Global
	GlobalSection(SolutionConfigurationPlatforms) = preSolution
		Debug|Any CPU = Debug|Any CPU
		Release|Any CPU = Release|Any CPU
	EndGlobalSection
	GlobalSection(ProjectConfigurationPlatforms) = postSolution
		{6D067D6E-00FD-4A3A-8C40-055D0C56464C}.Debug|Any CPU.ActiveCfg = Debug|Any CPU
		{6D067D6E-00FD-4A3A-8C40-055D0C56464C}.Debug|Any CPU.Build.0 = Debug|Any CPU
		{6D067D6E-00FD-4A3A-8C40-055D0C56464C}.Release|Any CPU.ActiveCfg = Release|Any CPU
		{6D067D6E-00FD-4A3A-8C40-055D0C56464C}.Release|Any CPU.Build.0 = Release|Any CPU
	EndGlobalSection
	GlobalSection(SolutionProperties) = preSolution
		HideSolutionNode = FALSE
	EndGlobalSection
	GlobalSection(NestedProjects) = preSolution
		{6D067D6E-00FD-4A3A-8C40-055D0C56464C} = {9306A198-9402-4389-BF47-AA27C915A734}
	EndGlobalSection
EndGlobal
